{
  "name": "mini-mes",
  "lockfileVersion": 3,
  "requires": true,
  "packages": {
    "": {
      "name": "mini-mes",
      "workspaces": [
        "apps/*",
        "packages/*"
      ],
      "engines": {
        "node": ">=20.0.0"
      }
    },
    "apps/mock-api": {
      "name": "@mini-mes/mock-api",
      "version": "0.1.0"
    },
    "apps/web": {
      "name": "@mini-mes/web",
      "version": "0.1.0"
    },
    "node_modules/@mini-mes/contracts": {
      "resolved": "packages/contracts",
      "link": true
    },
    "node_modules/@mini-mes/mock-api": {
      "resolved": "apps/mock-api",
      "link": true
    },
    "node_modules/@mini-mes/ui": {
      "resolved": "packages/ui",
      "link": true
    },
    "node_modules/@mini-mes/validation": {
      "resolved": "packages/validation",
      "link": true
    },
    "node_modules/@mini-mes/web": {
      "resolved": "apps/web",
      "link": true
    },
    "packages/contracts": {
      "name": "@mini-mes/contracts",
      "version": "0.1.0"
    },
    "packages/ui": {
      "name": "@mini-mes/ui",
      "version": "0.1.0"
    },
    "packages/validation": {
      "name": "@mini-mes/validation",
      "version": "0.1.0"
    }
  }
}
